
Microsoft Visual Studio Solution File, Format Version 12.00
# Visual Studio 15
VisualStudioVersion = 15.0.27130.2036
MinimumVisualStudioVersion = 10.0.40219.1
Project("{FAE04EC0-301F-11D3-BF4B-00C04F79EFBC}") = "TestCVXam.Android", "TestCVXam\TestCVXam.Android\TestCVXam.Android.csproj", "{D896A6A4-2255-492A-92FC-26D63B1B1042}"
EndProject
Project("{FAE04EC0-301F-11D3-BF4B-00C04F79EFBC}") = "TestCVXam.UWP", "TestCVXam\TestCVXam.UWP\TestCVXam.UWP.csproj", "{B87263A0-74FE-4A99-8115-C6F8CAD2376C}"
EndProject
Project("{FAE04EC0-301F-11D3-BF4B-00C04F79EFBC}") = "TextCVXam.CogServices", "TextCVXam.CogServices\TextCVXam.CogServices.csproj", "{884EF634-BD50-4AD2-989B-94A6EA93C4D3}"
EndProject
Global
	GlobalSection(SolutionConfigurationPlatforms) = preSolution
		Debug|Any CPU = Debug|Any CPU
		Debug|ARM = Debug|ARM
		Debug|x64 = Debug|x64
		Debug|x86 = Debug|x86
		Release|Any CPU = Release|Any CPU
		Release|ARM = Release|ARM
		Release|x64 = Release|x64
		Release|x86 = Release|x86
	EndGlobalSection
	GlobalSection(ProjectConfigurationPlatforms) = postSolution
		{D896A6A4-2255-492A-92FC-26D63B1B1042}.Debug|Any CPU.ActiveCfg = Debug|Any CPU
		{D896A6A4-2255-492A-92FC-26D63B1B1042}.Debug|Any CPU.Build.0 = Debug|Any CPU
		{D896A6A4-2255-492A-92FC-26D63B1B1042}.Debug|Any CPU.Deploy.0 = Debug|Any CPU
		{D896A6A4-2255-492A-92FC-26D63B1B1042}.Debug|ARM.ActiveCfg = Debug|Any CPU
		{D896A6A4-2255-492A-92FC-26D63B1B1042}.Debug|ARM.Build.0 = Debug|Any CPU
		{D896A6A4-2255-492A-92FC-26D63B1B1042}.Debug|ARM.Deploy.0 = Debug|Any CPU
		{D896A6A4-2255-492A-92FC-26D63B1B1042}.Debug|x64.ActiveCfg = Debug|Any CPU
		{D896A6A4-2255-492A-92FC-26D63B1B1042}.Debug|x64.Build.0 = Debug|Any CPU
		{D896A6A4-2255-492A-92FC-26D63B1B1042}.Debug|x64.Deploy.0 = Debug|Any CPU
		{D896A6A4-2255-492A-92FC-26D63B1B1042}.Debug|x86.ActiveCfg = Debug|Any CPU
		{D896A6A4-2255-492A-92FC-26D63B1B1042}.Debug|x86.Build.0 = Debug|Any CPU
		{D896A6A4-2255-492A-92FC-26D63B1B1042}.Debug|x86.Deploy.0 = Debug|Any CPU
		{D896A6A4-2255-492A-92FC-26D63B1B1042}.Release|Any CPU.ActiveCfg = Release|Any CPU
		{D896A6A4-2255-492A-92FC-26D63B1B1042}.Release|Any CPU.Build.0 = Release|Any CPU
		{D896A6A4-2255-492A-92FC-26D63B1B1042}.Release|Any CPU.Deploy.0 = Release|Any CPU
		{D896A6A4-2255-492A-92FC-26D63B1B1042}.Release|ARM.ActiveCfg = Release|Any CPU
		{D896A6A4-2255-492A-92FC-26D63B1B1042}.Release|ARM.Build.0 = Release|Any CPU
		{D896A6A4-2255-492A-92FC-26D63B1B1042}.Release|ARM.Deploy.0 = Release|Any CPU
		{D896A6A4-2255-492A-92FC-26D63B1B1042}.Release|x64.ActiveCfg = Release|Any CPU
		{D896A6A4-2255-492A-92FC-26D63B1B1042}.Release|x64.Build.0 = Release|Any CPU
		{D896A6A4-2255-492A-92FC-26D63B1B1042}.Release|x64.Deploy.0 = Release|Any CPU
		{D896A6A4-2255-492A-92FC-26D63B1B1042}.Release|x86.ActiveCfg = Release|Any CPU
		{D896A6A4-2255-492A-92FC-26D63B1B1042}.Release|x86.Build.0 = Release|Any CPU
		{D896A6A4-2255-492A-92FC-26D63B1B1042}.Release|x86.Deploy.0 = Release|Any CPU
		{B87263A0-74FE-4A99-8115-C6F8CAD2376C}.Debug|Any CPU.ActiveCfg = Debug|x86
		{B87263A0-74FE-4A99-8115-C6F8CAD2376C}.Debug|ARM.ActiveCfg = Debug|ARM
		{B87263A0-74FE-4A99-8115-C6F8CAD2376C}.Debug|ARM.Build.0 = Debug|ARM
		{B87263A0-74FE-4A99-8115-C6F8CAD2376C}.Debug|ARM.Deploy.0 = Debug|ARM
		{B87263A0-74FE-4A99-8115-C6F8CAD2376C}.Debug|x64.ActiveCfg = Debug|x64
		{B87263A0-74FE-4A99-8115-C6F8CAD2376C}.Debug|x64.Build.0 = Debug|x64
		{B87263A0-74FE-4A99-8115-C6F8CAD2376C}.Debug|x64.Deploy.0 = Debug|x64
		{B87263A0-74FE-4A99-8115-C6F8CAD2376C}.Debug|x86.ActiveCfg = Debug|x86
		{B87263A0-74FE-4A99-8115-C6F8CAD2376C}.Debug|x86.Build.0 = Debug|x86
		{B87263A0-74FE-4A99-8115-C6F8CAD2376C}.Debug|x86.Deploy.0 = Debug|x86
		{B87263A0-74FE-4A99-8115-C6F8CAD2376C}.Release|Any CPU.ActiveCfg = Release|x86
		{B87263A0-74FE-4A99-8115-C6F8CAD2376C}.Release|ARM.ActiveCfg = Release|ARM
		{B87263A0-74FE-4A99-8115-C6F8CAD2376C}.Release|ARM.Build.0 = Release|ARM
		{B87263A0-74FE-4A99-8115-C6F8CAD2376C}.Release|ARM.Deploy.0 = Release|ARM
		{B87263A0-74FE-4A99-8115-C6F8CAD2376C}.Release|x64.ActiveCfg = Release|x64
		{B87263A0-74FE-4A99-8115-C6F8CAD2376C}.Release|x64.Build.0 = Release|x64
		{B87263A0-74FE-4A99-8115-C6F8CAD2376C}.Release|x64.Deploy.0 = Release|x64
		{B87263A0-74FE-4A99-8115-C6F8CAD2376C}.Release|x86.ActiveCfg = Release|x86
		{B87263A0-74FE-4A99-8115-C6F8CAD2376C}.Release|x86.Build.0 = Release|x86
		{B87263A0-74FE-4A99-8115-C6F8CAD2376C}.Release|x86.Deploy.0 = Release|x86
		{884EF634-BD50-4AD2-989B-94A6EA93C4D3}.Debug|Any CPU.ActiveCfg = Debug|Any CPU
		{884EF634-BD50-4AD2-989B-94A6EA93C4D3}.Debug|Any CPU.Build.0 = Debug|Any CPU
		{884EF634-BD50-4AD2-989B-94A6EA93C4D3}.Debug|ARM.ActiveCfg = Debug|Any CPU
		{884EF634-BD50-4AD2-989B-94A6EA93C4D3}.Debug|ARM.Build.0 = Debug|Any CPU
		{884EF634-BD50-4AD2-989B-94A6EA93C4D3}.Debug|x64.ActiveCfg = Debug|Any CPU
		{884EF634-BD50-4AD2-989B-94A6EA93C4D3}.Debug|x64.Build.0 = Debug|Any CPU
		{884EF634-BD50-4AD2-989B-94A6EA93C4D3}.Debug|x86.ActiveCfg = Debug|Any CPU
		{884EF634-BD50-4AD2-989B-94A6EA93C4D3}.Debug|x86.Build.0 = Debug|Any CPU
		{884EF634-BD50-4AD2-989B-94A6EA93C4D3}.Release|Any CPU.ActiveCfg = Release|Any CPU
		{884EF634-BD50-4AD2-989B-94A6EA93C4D3}.Release|Any CPU.Build.0 = Release|Any CPU
		{884EF634-BD50-4AD2-989B-94A6EA93C4D3}.Release|ARM.ActiveCfg = Release|Any CPU
		{884EF634-BD50-4AD2-989B-94A6EA93C4D3}.Release|ARM.Build.0 = Release|Any CPU
		{884EF634-BD50-4AD2-989B-94A6EA93C4D3}.Release|x64.ActiveCfg = Release|Any CPU
		{884EF634-BD50-4AD2-989B-94A6EA93C4D3}.Release|x64.Build.0 = Release|Any CPU
		{884EF634-BD50-4AD2-989B-94A6EA93C4D3}.Release|x86.ActiveCfg = Release|Any CPU
		{884EF634-BD50-4AD2-989B-94A6EA93C4D3}.Release|x86.Build.0 = Release|Any CPU
	EndGlobalSection
	GlobalSection(SolutionProperties) = preSolution
		HideSolutionNode = FALSE
	EndGlobalSection
	GlobalSection(ExtensibilityGlobals) = postSolution
		SolutionGuid = {6C930897-34C1-4E5D-8F0F-8740CD49FA5F}
	EndGlobalSection
EndGlobal
