
Microsoft Visual Studio Solution File, Format Version 12.00
# Visual Studio 15
VisualStudioVersion = 15.0.27130.2036
MinimumVisualStudioVersion = 10.0.40219.1
Project("{FAE04EC0-301F-11D3-BF4B-00C04F79EFBC}") = "TestCVXam.Android", "TestCVXam\TestCVXam.Android\TestCVXam.Android.csproj", "{D896A6A4-2255-492A-92FC-26D63B1B1042}"
EndProject
Project("{FAE04EC0-301F-11D3-BF4B-00C04F79EFBC}") = "TestCVXam.UWP", "TestCVXam\TestCVXam.UWP\TestCVXam.UWP.csproj", "{B87263A0-74FE-4A99-8115-C6F8CAD2376C}"
EndProject
Project("{D954291E-2A0B-460D-934E-DC6B0785DB48}") = "TestCVXam", "TestCVXam\TestCVXam\TestCVXam.shproj", "{DDE0B076-723F-4993-B89C-D42B6391A4AF}"
EndProject
Global
	GlobalSection(SharedMSBuildProjectFiles) = preSolution
		TestCVXam\TestCVXam\TestCVXam.projitems*{b87263a0-74fe-4a99-8115-c6f8cad2376c}*SharedItemsImports = 4
		TestCVXam\TestCVXam\TestCVXam.projitems*{d896a6a4-2255-492a-92fc-26d63b1b1042}*SharedItemsImports = 4
		TestCVXam\TestCVXam\TestCVXam.projitems*{dde0b076-723f-4993-b89c-d42b6391a4af}*SharedItemsImports = 13
	EndGlobalSection
	GlobalSection(SolutionConfigurationPlatforms) = preSolution
		Debug|Any CPU = Debug|Any CPU
		Debug|ARM = Debug|ARM
		Debug|x64 = Debug|x64
		Debug|x86 = Debug|x86
		Release|Any CPU = Release|Any CPU
		Release|ARM = Release|ARM
		Release|x64 = Release|x64
		Release|x86 = Release|x86
	EndGlobalSection
	GlobalSection(ProjectConfigurationPlatforms) = postSolution
		{D896A6A4-2255-492A-92FC-26D63B1B1042}.Debug|Any CPU.ActiveCfg = Debug|Any CPU
		{D896A6A4-2255-492A-92FC-26D63B1B1042}.Debug|Any CPU.Build.0 = Debug|Any CPU
		{D896A6A4-2255-492A-92FC-26D63B1B1042}.Debug|Any CPU.Deploy.0 = Debug|Any CPU
		{D896A6A4-2255-492A-92FC-26D63B1B1042}.Debug|ARM.ActiveCfg = Debug|Any CPU
		{D896A6A4-2255-492A-92FC-26D63B1B1042}.Debug|ARM.Build.0 = Debug|Any CPU
		{D896A6A4-2255-492A-92FC-26D63B1B1042}.Debug|ARM.Deploy.0 = Debug|Any CPU
		{D896A6A4-2255-492A-92FC-26D63B1B1042}.Debug|x64.ActiveCfg = Debug|Any CPU
		{D896A6A4-2255-492A-92FC-26D63B1B1042}.Debug|x64.Build.0 = Debug|Any CPU
		{D896A6A4-2255-492A-92FC-26D63B1B1042}.Debug|x64.Deploy.0 = Debug|Any CPU
		{D896A6A4-2255-492A-92FC-26D63B1B1042}.Debug|x86.ActiveCfg = Debug|Any CPU
		{D896A6A4-2255-492A-92FC-26D63B1B1042}.Debug|x86.Build.0 = Debug|Any CPU
		{D896A6A4-2255-492A-92FC-26D63B1B1042}.Debug|x86.Deploy.0 = Debug|Any CPU
		{D896A6A4-2255-492A-92FC-26D63B1B1042}.Release|Any CPU.ActiveCfg = Release|Any CPU
		{D896A6A4-2255-492A-92FC-26D63B1B1042}.Release|Any CPU.Build.0 = Release|Any CPU
		{D896A6A4-2255-492A-92FC-26D63B1B1042}.Release|Any CPU.Deploy.0 = Release|Any CPU
		{D896A6A4-2255-492A-92FC-26D63B1B1042}.Release|ARM.ActiveCfg = Release|Any CPU
		{D896A6A4-2255-492A-92FC-26D63B1B1042}.Release|ARM.Build.0 = Release|Any CPU
		{D896A6A4-2255-492A-92FC-26D63B1B1042}.Release|ARM.Deploy.0 = Release|Any CPU
		{D896A6A4-2255-492A-92FC-26D63B1B1042}.Release|x64.ActiveCfg = Release|Any CPU
		{D896A6A4-2255-492A-92FC-26D63B1B1042}.Release|x64.Build.0 = Release|Any CPU
		{D896A6A4-2255-492A-92FC-26D63B1B1042}.Release|x64.Deploy.0 = Release|Any CPU
		{D896A6A4-2255-492A-92FC-26D63B1B1042}.Release|x86.ActiveCfg = Release|Any CPU
		{D896A6A4-2255-492A-92FC-26D63B1B1042}.Release|x86.Build.0 = Release|Any CPU
		{D896A6A4-2255-492A-92FC-26D63B1B1042}.Release|x86.Deploy.0 = Release|Any CPU
		{B87263A0-74FE-4A99-8115-C6F8CAD2376C}.Debug|Any CPU.ActiveCfg = Debug|x86
		{B87263A0-74FE-4A99-8115-C6F8CAD2376C}.Debug|ARM.ActiveCfg = Debug|ARM
		{B87263A0-74FE-4A99-8115-C6F8CAD2376C}.Debug|ARM.Build.0 = Debug|ARM
		{B87263A0-74FE-4A99-8115-C6F8CAD2376C}.Debug|ARM.Deploy.0 = Debug|ARM
		{B87263A0-74FE-4A99-8115-C6F8CAD2376C}.Debug|x64.ActiveCfg = Debug|x64
		{B87263A0-74FE-4A99-8115-C6F8CAD2376C}.Debug|x64.Build.0 = Debug|x64
		{B87263A0-74FE-4A99-8115-C6F8CAD2376C}.Debug|x64.Deploy.0 = Debug|x64
		{B87263A0-74FE-4A99-8115-C6F8CAD2376C}.Debug|x86.ActiveCfg = Debug|x86
		{B87263A0-74FE-4A99-8115-C6F8CAD2376C}.Debug|x86.Build.0 = Debug|x86
		{B87263A0-74FE-4A99-8115-C6F8CAD2376C}.Debug|x86.Deploy.0 = Debug|x86
		{B87263A0-74FE-4A99-8115-C6F8CAD2376C}.Release|Any CPU.ActiveCfg = Release|x86
		{B87263A0-74FE-4A99-8115-C6F8CAD2376C}.Release|ARM.ActiveCfg = Release|ARM
		{B87263A0-74FE-4A99-8115-C6F8CAD2376C}.Release|ARM.Build.0 = Release|ARM
		{B87263A0-74FE-4A99-8115-C6F8CAD2376C}.Release|ARM.Deploy.0 = Release|ARM
		{B87263A0-74FE-4A99-8115-C6F8CAD2376C}.Release|x64.ActiveCfg = Release|x64
		{B87263A0-74FE-4A99-8115-C6F8CAD2376C}.Release|x64.Build.0 = Release|x64
		{B87263A0-74FE-4A99-8115-C6F8CAD2376C}.Release|x64.Deploy.0 = Release|x64
		{B87263A0-74FE-4A99-8115-C6F8CAD2376C}.Release|x86.ActiveCfg = Release|x86
		{B87263A0-74FE-4A99-8115-C6F8CAD2376C}.Release|x86.Build.0 = Release|x86
		{B87263A0-74FE-4A99-8115-C6F8CAD2376C}.Release|x86.Deploy.0 = Release|x86
	EndGlobalSection
	GlobalSection(SolutionProperties) = preSolution
		HideSolutionNode = FALSE
	EndGlobalSection
	GlobalSection(ExtensibilityGlobals) = postSolution
		SolutionGuid = {6C930897-34C1-4E5D-8F0F-8740CD49FA5F}
	EndGlobalSection
EndGlobal
